
Microsoft Visual Studio Solution File, Format Version 12.00
# Visual Studio Version 17
VisualStudioVersion = 17.10.35004.147
MinimumVisualStudioVersion = 10.0.40219.1
Project("{9A19103F-16F7-4668-BE54-9A1E7A4F7556}") = "SIRS", "SIRS\SIRS.csproj", "{790EDCD6-7C3A-4EF8-BD25-9487A9DA330A}"
EndProject
Project("{9A19103F-16F7-4668-BE54-9A1E7A4F7556}") = "SIRS.Domain", "SIRS.Domain\SIRS.Domain.csproj", "{3BEE2BFA-143A-4457-BB8E-965B69C6B39D}"
EndProject
Project("{9A19103F-16F7-4668-BE54-9A1E7A4F7556}") = "SIRS.Data", "DATA\SIRS.Data.csproj", "{42BA3D4F-C188-4AE7-BF71-6329B090420A}"
EndProject
Project("{FAE04EC0-301F-11D3-BF4B-00C04F79EFBC}") = "SIRS.Service.API", "SIRS.Service.API\SIRS.Service.API.csproj", "{46E27237-EAD5-4A44-AC1A-4A6E2B6ACA53}"
EndProject
Project("{FAE04EC0-301F-11D3-BF4B-00C04F79EFBC}") = "SIRS.Application", "SIRS.Application\SIRS.Application.csproj", "{20925926-4C30-4CBD-A731-9D717B14AD81}"
EndProject
Global
	GlobalSection(SolutionConfigurationPlatforms) = preSolution
		Debug|Any CPU = Debug|Any CPU
		Release|Any CPU = Release|Any CPU
	EndGlobalSection
	GlobalSection(ProjectConfigurationPlatforms) = postSolution
		{790EDCD6-7C3A-4EF8-BD25-9487A9DA330A}.Debug|Any CPU.ActiveCfg = Debug|Any CPU
		{790EDCD6-7C3A-4EF8-BD25-9487A9DA330A}.Debug|Any CPU.Build.0 = Debug|Any CPU
		{790EDCD6-7C3A-4EF8-BD25-9487A9DA330A}.Release|Any CPU.ActiveCfg = Release|Any CPU
		{790EDCD6-7C3A-4EF8-BD25-9487A9DA330A}.Release|Any CPU.Build.0 = Release|Any CPU
		{3BEE2BFA-143A-4457-BB8E-965B69C6B39D}.Debug|Any CPU.ActiveCfg = Debug|Any CPU
		{3BEE2BFA-143A-4457-BB8E-965B69C6B39D}.Debug|Any CPU.Build.0 = Debug|Any CPU
		{3BEE2BFA-143A-4457-BB8E-965B69C6B39D}.Release|Any CPU.ActiveCfg = Release|Any CPU
		{3BEE2BFA-143A-4457-BB8E-965B69C6B39D}.Release|Any CPU.Build.0 = Release|Any CPU
		{42BA3D4F-C188-4AE7-BF71-6329B090420A}.Debug|Any CPU.ActiveCfg = Debug|Any CPU
		{42BA3D4F-C188-4AE7-BF71-6329B090420A}.Debug|Any CPU.Build.0 = Debug|Any CPU
		{42BA3D4F-C188-4AE7-BF71-6329B090420A}.Release|Any CPU.ActiveCfg = Release|Any CPU
		{42BA3D4F-C188-4AE7-BF71-6329B090420A}.Release|Any CPU.Build.0 = Release|Any CPU
		{46E27237-EAD5-4A44-AC1A-4A6E2B6ACA53}.Debug|Any CPU.ActiveCfg = Debug|Any CPU
		{46E27237-EAD5-4A44-AC1A-4A6E2B6ACA53}.Debug|Any CPU.Build.0 = Debug|Any CPU
		{46E27237-EAD5-4A44-AC1A-4A6E2B6ACA53}.Release|Any CPU.ActiveCfg = Release|Any CPU
		{46E27237-EAD5-4A44-AC1A-4A6E2B6ACA53}.Release|Any CPU.Build.0 = Release|Any CPU
		{20925926-4C30-4CBD-A731-9D717B14AD81}.Debug|Any CPU.ActiveCfg = Debug|Any CPU
		{20925926-4C30-4CBD-A731-9D717B14AD81}.Debug|Any CPU.Build.0 = Debug|Any CPU
		{20925926-4C30-4CBD-A731-9D717B14AD81}.Release|Any CPU.ActiveCfg = Release|Any CPU
		{20925926-4C30-4CBD-A731-9D717B14AD81}.Release|Any CPU.Build.0 = Release|Any CPU
	EndGlobalSection
	GlobalSection(SolutionProperties) = preSolution
		HideSolutionNode = FALSE
	EndGlobalSection
	GlobalSection(ExtensibilityGlobals) = postSolution
		SolutionGuid = {3F523333-6C4B-470D-8EE1-00D64CB1B566}
	EndGlobalSection
EndGlobal
